lockfileVersion: '9.0'

settings:
  autoInstallPeers: true
  excludeLinksFromLockfile: false

importers:

  .:
    dependencies:
      which:
        specifier: ^7.0.0
        version: 7.0.0

packages:

  isexe@4.0.0:
    resolution: {integrity: sha512-FFUtZMpoZ8RqHS3XeXEmHWLA4thH+ZxCv2lOiPIn1Xc7CxrqhWzNSDzD+/chS/zbYezmiwWLdQC09JdQKmthOw==}
    engines: {node: '>=20'}

  which@7.0.0:
    resolution: {integrity: sha512-RancgH2dmbLdHl6LRhEqvklWMgl/Hdnun0Y90KhBOLkMefg8Qa7/Zel8Sm+8HEcP6DEjzsWzpkuBQEZok58isA==}
    engines: {node: ^22.22.2 || ^24.15.0 || >=26.0.0}
    hasBin: true

snapshots:

  isexe@4.0.0: {}

  which@7.0.0:
    dependencies:
      isexe: 4.0.0
